
Microsoft Visual Studio Solution File, Format Version 12.00
# Visual Studio Version 17
VisualStudioVersion = 17.1.32210.238
MinimumVisualStudioVersion = 10.0.40219.1
Project("{FAE04EC0-301F-11D3-BF4B-00C04F79EFBC}") = "RedisDemo", "RedisDemo\RedisDemo.csproj", "{1B4A4853-9B37-4D44-8074-26820A8FCA8A}"
EndProject
Global
	GlobalSection(SolutionConfigurationPlatforms) = preSolution
		Debug|Any CPU = Debug|Any CPU
		Release|Any CPU = Release|Any CPU
	EndGlobalSection
	GlobalSection(ProjectConfigurationPlatforms) = postSolution
		{1B4A4853-9B37-4D44-8074-26820A8FCA8A}.Debug|Any CPU.ActiveCfg = Debug|Any CPU
		{1B4A4853-9B37-4D44-8074-26820A8FCA8A}.Debug|Any CPU.Build.0 = Debug|Any CPU
		{1B4A4853-9B37-4D44-8074-26820A8FCA8A}.Release|Any CPU.ActiveCfg = Release|Any CPU
		{1B4A4853-9B37-4D44-8074-26820A8FCA8A}.Release|Any CPU.Build.0 = Release|Any CPU
	EndGlobalSection
	GlobalSection(SolutionProperties) = preSolution
		HideSolutionNode = FALSE
	EndGlobalSection
	GlobalSection(ExtensibilityGlobals) = postSolution
		SolutionGuid = {33742217-B998-4019-9DAD-6741F04A8C24}
	EndGlobalSection
EndGlobal
